# Exact Python 3.12 lock for the tested macOS arm64 lane and the GitHub Actions
# Linux x86_64/aarch64 lanes. Re-resolve and review hashes before claiming other targets.
attrs==25.3.0 --hash=sha256:427318ce031701fea540783410126f03899a97ffc6f61596ad581ac2e40e3bc3
jsonschema==4.25.1 --hash=sha256:3fba0169e345c7175110351d456342c364814cfcf3b964ba4587f22915230a63
jsonschema-specifications==2025.4.1 --hash=sha256:4653bffbd6584f7de83a67e0d620ef16900b390ddc7939d56684d6c81e33f1af
referencing==0.36.2 --hash=sha256:e8699adbbf8b5c7de96d8ffa0eb5c158b3beafce084968e2ea8bb08c6794dcd0
rfc8785==0.1.4 --hash=sha256:520d690b448ecf0703691c76e1a34a24ddcd4fc5bc41d589cb7c58ec651bcd48
rpds-py==0.27.0 \
    --hash=sha256:6c27a7054b5224710fcfb1a626ec3ff4f28bcb89b899148c72873b18210e446b \
    --hash=sha256:5fa01b3d5e3b7d97efab65bd3d88f164e289ec323a8c033c5c38e53ee25c007e \
    --hash=sha256:09965b314091829b378b60607022048953e25f0b396c2b70e7c4c81bcecf932e
typing-extensions==4.15.0 --hash=sha256:f0fa19c6845758ab08074a0cfa8b7aecb71c999ca73d62883bc25cc018c4e548
